
Microsoft Visual Studio Solution File, Format Version 12.00
# Visual Studio Version 17
VisualStudioVersion = 17.4.33205.214
MinimumVisualStudioVersion = 10.0.40219.1
Project("{FAE04EC0-301F-11D3-BF4B-00C04F79EFBC}") = "Good-Cheap-Fast-Buttons2", "Good-Cheap-Fast-Buttons2.csproj", "{C3657F67-62C2-4833-B910-94244240CA57}"
EndProject
Global
	GlobalSection(SolutionConfigurationPlatforms) = preSolution
		Debug|Any CPU = Debug|Any CPU
		Release|Any CPU = Release|Any CPU
	EndGlobalSection
	GlobalSection(ProjectConfigurationPlatforms) = postSolution
		{C3657F67-62C2-4833-B910-94244240CA57}.Debug|Any CPU.ActiveCfg = Debug|Any CPU
		{C3657F67-62C2-4833-B910-94244240CA57}.Debug|Any CPU.Build.0 = Debug|Any CPU
		{C3657F67-62C2-4833-B910-94244240CA57}.Release|Any CPU.ActiveCfg = Release|Any CPU
		{C3657F67-62C2-4833-B910-94244240CA57}.Release|Any CPU.Build.0 = Release|Any CPU
	EndGlobalSection
	GlobalSection(SolutionProperties) = preSolution
		HideSolutionNode = FALSE
	EndGlobalSection
	GlobalSection(ExtensibilityGlobals) = postSolution
		SolutionGuid = {75B133A9-886D-4FA5-9A18-05ACD48934AB}
	EndGlobalSection
EndGlobal
